
Microsoft Visual Studio Solution File, Format Version 12.00
# Visual Studio Version 16
VisualStudioVersion = 16.0.30621.155
MinimumVisualStudioVersion = 10.0.40219.1
Project("{FAE04EC0-301F-11D3-BF4B-00C04F79EFBC}") = "ExpenseTracker", "ExpenseTracker\ExpenseTracker.csproj", "{D1EB3D78-061F-4FB2-AB52-C468EFB65FB0}"
EndProject
Global
	GlobalSection(SolutionConfigurationPlatforms) = preSolution
		Debug|Any CPU = Debug|Any CPU
		Release|Any CPU = Release|Any CPU
	EndGlobalSection
	GlobalSection(ProjectConfigurationPlatforms) = postSolution
		{D1EB3D78-061F-4FB2-AB52-C468EFB65FB0}.Debug|Any CPU.ActiveCfg = Debug|Any CPU
		{D1EB3D78-061F-4FB2-AB52-C468EFB65FB0}.Debug|Any CPU.Build.0 = Debug|Any CPU
		{D1EB3D78-061F-4FB2-AB52-C468EFB65FB0}.Release|Any CPU.ActiveCfg = Release|Any CPU
		{D1EB3D78-061F-4FB2-AB52-C468EFB65FB0}.Release|Any CPU.Build.0 = Release|Any CPU
	EndGlobalSection
	GlobalSection(SolutionProperties) = preSolution
		HideSolutionNode = FALSE
	EndGlobalSection
	GlobalSection(ExtensibilityGlobals) = postSolution
		SolutionGuid = {95A1D480-398A-4FC1-B08B-FE9ED8021F52}
	EndGlobalSection
EndGlobal
